
Microsoft Visual Studio Solution File, Format Version 12.00
# Visual Studio 2013
VisualStudioVersion = 12.0.0.0
MinimumVisualStudioVersion = 10.0.0.1
Project("{FAE04EC0-301F-11D3-BF4B-00C04F79EFBC}") = "ExpressionTrees", "ExpressionTrees\ExpressionTrees.csproj", "{6D03BC60-3C7F-47BE-9BB2-249542932C9C}"
EndProject
Project("{FAE04EC0-301F-11D3-BF4B-00C04F79EFBC}") = "ExpressionTrees.Tests", "ExpressionTrees.Tests\ExpressionTrees.Tests.csproj", "{D3109011-8E44-4684-BAFD-4861F34A718E}"
EndProject
Project("{FAE04EC0-301F-11D3-BF4B-00C04F79EFBC}") = "MvcApplication", "MvcApplication\MvcApplication.csproj", "{78211EE5-05BA-44A5-A6C8-76F2577DB778}"
EndProject
Global
	GlobalSection(SolutionConfigurationPlatforms) = preSolution
		Debug|Any CPU = Debug|Any CPU
		Release|Any CPU = Release|Any CPU
	EndGlobalSection
	GlobalSection(ProjectConfigurationPlatforms) = postSolution
		{6D03BC60-3C7F-47BE-9BB2-249542932C9C}.Debug|Any CPU.ActiveCfg = Debug|Any CPU
		{6D03BC60-3C7F-47BE-9BB2-249542932C9C}.Debug|Any CPU.Build.0 = Debug|Any CPU
		{6D03BC60-3C7F-47BE-9BB2-249542932C9C}.Release|Any CPU.ActiveCfg = Release|Any CPU
		{6D03BC60-3C7F-47BE-9BB2-249542932C9C}.Release|Any CPU.Build.0 = Release|Any CPU
		{D3109011-8E44-4684-BAFD-4861F34A718E}.Debug|Any CPU.ActiveCfg = Debug|Any CPU
		{D3109011-8E44-4684-BAFD-4861F34A718E}.Debug|Any CPU.Build.0 = Debug|Any CPU
		{D3109011-8E44-4684-BAFD-4861F34A718E}.Release|Any CPU.ActiveCfg = Release|Any CPU
		{D3109011-8E44-4684-BAFD-4861F34A718E}.Release|Any CPU.Build.0 = Release|Any CPU
		{78211EE5-05BA-44A5-A6C8-76F2577DB778}.Debug|Any CPU.ActiveCfg = Debug|Any CPU
		{78211EE5-05BA-44A5-A6C8-76F2577DB778}.Debug|Any CPU.Build.0 = Debug|Any CPU
		{78211EE5-05BA-44A5-A6C8-76F2577DB778}.Release|Any CPU.ActiveCfg = Release|Any CPU
		{78211EE5-05BA-44A5-A6C8-76F2577DB778}.Release|Any CPU.Build.0 = Release|Any CPU
	EndGlobalSection
	GlobalSection(SolutionProperties) = preSolution
		HideSolutionNode = FALSE
	EndGlobalSection
EndGlobal
